
Microsoft Visual Studio Solution File, Format Version 12.00
# Visual Studio Version 17
VisualStudioVersion = 17.5.33530.505
MinimumVisualStudioVersion = 10.0.40219.1
Project("{FAE04EC0-301F-11D3-BF4B-00C04F79EFBC}") = "PCLine-computer-shops", "PCLine-computer-shops\PCLine-computer-shops.csproj", "{E829F8E8-1E2D-4646-B461-A1BFA0890EAA}"
EndProject
Global
	GlobalSection(SolutionConfigurationPlatforms) = preSolution
		Debug|Any CPU = Debug|Any CPU
		Release|Any CPU = Release|Any CPU
	EndGlobalSection
	GlobalSection(ProjectConfigurationPlatforms) = postSolution
		{E829F8E8-1E2D-4646-B461-A1BFA0890EAA}.Debug|Any CPU.ActiveCfg = Debug|Any CPU
		{E829F8E8-1E2D-4646-B461-A1BFA0890EAA}.Debug|Any CPU.Build.0 = Debug|Any CPU
		{E829F8E8-1E2D-4646-B461-A1BFA0890EAA}.Release|Any CPU.ActiveCfg = Release|Any CPU
		{E829F8E8-1E2D-4646-B461-A1BFA0890EAA}.Release|Any CPU.Build.0 = Release|Any CPU
	EndGlobalSection
	GlobalSection(SolutionProperties) = preSolution
		HideSolutionNode = FALSE
	EndGlobalSection
	GlobalSection(ExtensibilityGlobals) = postSolution
		SolutionGuid = {413B7D2E-25AB-45D5-A4A9-AC61026B2E6C}
	EndGlobalSection
EndGlobal
